<?xml version="1.0" encoding="utf-8"?>
<Project ToolsVersion="4.0" xmlns="http://schemas.microsoft.com/developer/msbuild/2003">
  <ItemGroup>
    <Filter Include="Source Files">
      <UniqueIdentifier>{9f439192-179d-4cff-95fb-102f2c3220d8}</UniqueIdentifier>
      <Extensions>cpp;c;cxx;rc;def;r;odl;idl;hpj;bat</Extensions>
    </Filter>
    <Filter Include="Header Files">
      <UniqueIdentifier>{9b0250df-c47d-4423-8bd3-710d83b9a77f}</UniqueIdentifier>
      <Extensions>h;hpp;hxx;hm;inl</Extensions>
    </Filter>
  </ItemGroup>
  <ItemGroup>
    <ClCompile Include="..\frontend\brhist.c">
      <Filter>Source Files</Filter>
    </ClCompile>
    <ClCompile Include="..\frontend\console.c">
      <Filter>Source Files</Filter>
    </ClCompile>
    <ClCompile Include="..\frontend\get_audio.c">
      <Filter>Source Files</Filter>
    </ClCompile>
    <ClCompile Include="..\frontend\lame_main.c">
      <Filter>Source Files</Filter>
    </ClCompile>
    <ClCompile Include="..\frontend\lametime.c">
      <Filter>Source Files</Filter>
    </ClCompile>
    <ClCompile Include="..\frontend\main.c">
      <Filter>Source Files</Filter>
    </ClCompile>
    <ClCompile Include="..\frontend\parse.c">
      <Filter>Source Files</Filter>
    </ClCompile>
    <ClCompile Include="..\frontend\timestatus.c">
      <Filter>Source Files</Filter>
    </ClCompile>
  </ItemGroup>
  <ItemGroup>
    <ClInclude Include="..\frontend\brhist.h">
      <Filter>Header Files</Filter>
    </ClInclude>
    <ClInclude Include="..\frontend\console.h">
      <Filter>Header Files</Filter>
    </ClInclude>
    <ClInclude Include="..\frontend\get_audio.h">
      <Filter>Header Files</Filter>
    </ClInclude>
    <ClInclude Include="..\frontend\lametime.h">
      <Filter>Header Files</Filter>
    </ClInclude>
    <ClInclude Include="..\frontend\main.h">
      <Filter>Header Files</Filter>
    </ClInclude>
    <ClInclude Include="..\frontend\parse.h">
      <Filter>Header Files</Filter>
    </ClInclude>
    <ClInclude Include="..\frontend\timestatus.h">
      <Filter>Header Files</Filter>
    </ClInclude>
  </ItemGroup>
  <ItemGroup>
    <ResourceCompile Include="..\libmp3lame\lame.rc">
      <Filter>Source Files</Filter>
    </ResourceCompile>
  </ItemGroup>
</Project>